Microsoft Visual Studio Solution File, Format Version 11.00
# Visual Studio 2013
Project("{1062F8FE-2D18-E48F-7141-48A28204D36A}") = "AudioEngine", "AudioEngine.vcxproj", "{1F28472F-D939-5053-6900-BE38AC5EE2B0}"
EndProject
Global
	GlobalSection(SolutionConfigurationPlatforms) = preSolution
		Debug|Win32 = Debug|Win32
		Release|Win32 = Release|Win32
	EndGlobalSection
	GlobalSection(ProjectConfigurationPlatforms) = postSolution
		{1F28472F-D939-5053-6900-BE38AC5EE2B0}.Debug|Win32.ActiveCfg = Debug|Win32
		{1F28472F-D939-5053-6900-BE38AC5EE2B0}.Debug|Win32.Build.0 = Debug|Win32
		{1F28472F-D939-5053-6900-BE38AC5EE2B0}.Release|Win32.ActiveCfg = Release|Win32
		{1F28472F-D939-5053-6900-BE38AC5EE2B0}.Release|Win32.Build.0 = Release|Win32
	EndGlobalSection
	GlobalSection(SolutionProperties) = preSolution
		HideSolutionNode = FALSE
	EndGlobalSection
EndGlobal
